
Microsoft Visual Studio Solution File, Format Version 12.00
Project("{F2A71F9B-5D33-465A-A702-920D77279786}") = "AdventCalendar2022", "AdventCalendar2022.fsproj", "{E8EFDC04-AD63-4CFD-8838-B09A68F01DAD}"
EndProject
Global
	GlobalSection(SolutionConfigurationPlatforms) = preSolution
		Debug|Any CPU = Debug|Any CPU
		Release|Any CPU = Release|Any CPU
	EndGlobalSection
	GlobalSection(ProjectConfigurationPlatforms) = postSolution
		{E8EFDC04-AD63-4CFD-8838-B09A68F01DAD}.Debug|Any CPU.ActiveCfg = Debug|Any CPU
		{E8EFDC04-AD63-4CFD-8838-B09A68F01DAD}.Debug|Any CPU.Build.0 = Debug|Any CPU
		{E8EFDC04-AD63-4CFD-8838-B09A68F01DAD}.Release|Any CPU.ActiveCfg = Release|Any CPU
		{E8EFDC04-AD63-4CFD-8838-B09A68F01DAD}.Release|Any CPU.Build.0 = Release|Any CPU
	EndGlobalSection
EndGlobal
